
Microsoft Visual Studio Solution File, Format Version 12.00
# Visual Studio Version 17
VisualStudioVersion = 17.9.34714.143
MinimumVisualStudioVersion = 10.0.40219.1
Project("{FAE04EC0-301F-11D3-BF4B-00C04F79EFBC}") = "algoBox", "algoBox.csproj", "{840002DB-8B31-4182-AACB-269CEBF079C3}"
EndProject
Global
	GlobalSection(SolutionConfigurationPlatforms) = preSolution
		Debug|Any CPU = Debug|Any CPU
		Release|Any CPU = Release|Any CPU
	EndGlobalSection
	GlobalSection(ProjectConfigurationPlatforms) = postSolution
		{840002DB-8B31-4182-AACB-269CEBF079C3}.Debug|Any CPU.ActiveCfg = Debug|Any CPU
		{840002DB-8B31-4182-AACB-269CEBF079C3}.Debug|Any CPU.Build.0 = Debug|Any CPU
		{840002DB-8B31-4182-AACB-269CEBF079C3}.Release|Any CPU.ActiveCfg = Release|Any CPU
		{840002DB-8B31-4182-AACB-269CEBF079C3}.Release|Any CPU.Build.0 = Release|Any CPU
	EndGlobalSection
	GlobalSection(SolutionProperties) = preSolution
		HideSolutionNode = FALSE
	EndGlobalSection
	GlobalSection(ExtensibilityGlobals) = postSolution
		SolutionGuid = {5DC2AB85-827B-42C4-AE32-9F8C820B6D78}
	EndGlobalSection
EndGlobal
