
Microsoft Visual Studio Solution File, Format Version 12.00
# Visual Studio Version 17
VisualStudioVersion = 17.9.34728.123
MinimumVisualStudioVersion = 10.0.40219.1
Project("{FAE04EC0-301F-11D3-BF4B-00C04F79EFBC}") = "HARMONIUM", "HARMONIUM.csproj", "{AC296E3C-156D-40A2-BCD5-AE1CEFE6BB3D}"
EndProject
Global
	GlobalSection(SolutionConfigurationPlatforms) = preSolution
		Debug|Any CPU = Debug|Any CPU
		Release|Any CPU = Release|Any CPU
	EndGlobalSection
	GlobalSection(ProjectConfigurationPlatforms) = postSolution
		{AC296E3C-156D-40A2-BCD5-AE1CEFE6BB3D}.Debug|Any CPU.ActiveCfg = Debug|Any CPU
		{AC296E3C-156D-40A2-BCD5-AE1CEFE6BB3D}.Debug|Any CPU.Build.0 = Debug|Any CPU
		{AC296E3C-156D-40A2-BCD5-AE1CEFE6BB3D}.Release|Any CPU.ActiveCfg = Release|Any CPU
		{AC296E3C-156D-40A2-BCD5-AE1CEFE6BB3D}.Release|Any CPU.Build.0 = Release|Any CPU
	EndGlobalSection
	GlobalSection(SolutionProperties) = preSolution
		HideSolutionNode = FALSE
	EndGlobalSection
	GlobalSection(ExtensibilityGlobals) = postSolution
		SolutionGuid = {B2691A33-7F24-41BD-9BEB-9B999EAD5404}
	EndGlobalSection
EndGlobal
