
Microsoft Visual Studio Solution File, Format Version 12.00
# Visual Studio Version 17
VisualStudioVersion = 17.9.34714.143
MinimumVisualStudioVersion = 10.0.40219.1
Project("{FAE04EC0-301F-11D3-BF4B-00C04F79EFBC}") = "majeur", "majeur.csproj", "{C919B770-1143-445E-B54F-B40C70B37D54}"
EndProject
Global
	GlobalSection(SolutionConfigurationPlatforms) = preSolution
		Debug|Any CPU = Debug|Any CPU
		Release|Any CPU = Release|Any CPU
	EndGlobalSection
	GlobalSection(ProjectConfigurationPlatforms) = postSolution
		{C919B770-1143-445E-B54F-B40C70B37D54}.Debug|Any CPU.ActiveCfg = Debug|Any CPU
		{C919B770-1143-445E-B54F-B40C70B37D54}.Debug|Any CPU.Build.0 = Debug|Any CPU
		{C919B770-1143-445E-B54F-B40C70B37D54}.Release|Any CPU.ActiveCfg = Release|Any CPU
		{C919B770-1143-445E-B54F-B40C70B37D54}.Release|Any CPU.Build.0 = Release|Any CPU
	EndGlobalSection
	GlobalSection(SolutionProperties) = preSolution
		HideSolutionNode = FALSE
	EndGlobalSection
	GlobalSection(ExtensibilityGlobals) = postSolution
		SolutionGuid = {16786E84-9E92-4A36-BEE8-AD2079B9DC5F}
	EndGlobalSection
EndGlobal
